
Microsoft Visual Studio Solution File, Format Version 12.00
# Visual Studio Version 16
VisualStudioVersion = 16.0.31729.503
MinimumVisualStudioVersion = 10.0.40219.1
Project("{FAE04EC0-301F-11D3-BF4B-00C04F79EFBC}") = "PlaytimeTracker", "PlaytimeTracker\PlaytimeTracker.csproj", "{24EE4F40-BBC2-46F9-9106-541C4832BA19}"
EndProject
Project("{FAE04EC0-301F-11D3-BF4B-00C04F79EFBC}") = "PlaytimeTrackerLib", "PlaytimeTrackerLib\PlaytimeTrackerLib.csproj", "{21C8F452-BC27-4A09-A47F-EED908F54899}"
EndProject
Global
	GlobalSection(SolutionConfigurationPlatforms) = preSolution
		Debug|Any CPU = Debug|Any CPU
		Release|Any CPU = Release|Any CPU
	EndGlobalSection
	GlobalSection(ProjectConfigurationPlatforms) = postSolution
		{24EE4F40-BBC2-46F9-9106-541C4832BA19}.Debug|Any CPU.ActiveCfg = Debug|Any CPU
		{24EE4F40-BBC2-46F9-9106-541C4832BA19}.Debug|Any CPU.Build.0 = Debug|Any CPU
		{24EE4F40-BBC2-46F9-9106-541C4832BA19}.Release|Any CPU.ActiveCfg = Release|Any CPU
		{24EE4F40-BBC2-46F9-9106-541C4832BA19}.Release|Any CPU.Build.0 = Release|Any CPU
		{21C8F452-BC27-4A09-A47F-EED908F54899}.Debug|Any CPU.ActiveCfg = Debug|Any CPU
		{21C8F452-BC27-4A09-A47F-EED908F54899}.Debug|Any CPU.Build.0 = Debug|Any CPU
		{21C8F452-BC27-4A09-A47F-EED908F54899}.Release|Any CPU.ActiveCfg = Release|Any CPU
		{21C8F452-BC27-4A09-A47F-EED908F54899}.Release|Any CPU.Build.0 = Release|Any CPU
	EndGlobalSection
	GlobalSection(SolutionProperties) = preSolution
		HideSolutionNode = FALSE
	EndGlobalSection
	GlobalSection(ExtensibilityGlobals) = postSolution
		SolutionGuid = {BA032B55-1825-4A98-9EC3-CF31B7B056EF}
	EndGlobalSection
EndGlobal
